PODS:
  - Alamofire (5.1.0)
  - SDWebImage (5.8.1):
    - SDWebImage/Core (= 5.8.1)
  - SDWebImage/Core (5.8.1)
  - SVProgressHUD (2.2.5)

DEPENDENCIES:
  - Alamofire (= 5.1.0)
  - SDWebImage (= 5.8.1)
  - SVProgressHUD (= 2.2.5)

SPEC REPOS:
  trunk:
    - Alamofire
    - SDWebImage
    - SVProgressHUD

SPEC CHECKSUMS:
  Alamofire: 9d5c5f602928e512395b30950c5984eca840093c
  SDWebImage: e3eae2eda88578db0685a0c88597fdadd9433f05
  SVProgressHUD: 1428aafac632c1f86f62aa4243ec12008d7a51d6

PODFILE CHECKSUM: cc4c905b86ed93cc574484d421e9e6992ebe2bd5

COCOAPODS: 1.9.3
