// !$*UTF8*$!
{
	archiveVersion = 1;
	classes = {
	};
	objectVersion = 51;
	objects = {

/* Begin PBXBuildFile section */
		9287472A25347DEE003517D2 /* AppDelegate.swift in Sources */ = {isa = PBXBuildFile; fileRef = 9287472925347DEE003517D2 /* AppDelegate.swift */; };
		9287472C25347DEE003517D2 /* SceneDelegate.swift in Sources */ = {isa = PBXBuildFile; fileRef = 9287472B25347DEE003517D2 /* SceneDelegate.swift */; };
		9287472E25347DEE003517D2 /* BaseLineViewController.swift in Sources */ = {isa = PBXBuildFile; fileRef = 9287472D25347DEE003517D2 /* BaseLineViewController.swift */; };
		9287473125347DEE003517D2 /* Main.storyboard in Resources */ = {isa = PBXBuildFile; fileRef = 9287472F25347DEE003517D2 /* Main.storyboard */; };
		9287473325347DEF003517D2 /* Assets.xcassets in Resources */ = {isa = PBXBuildFile; fileRef = 9287473225347DEF003517D2 /* Assets.xcassets */; };
		9287473625347DEF003517D2 /* LaunchScreen.storyboard in Resources */ = {isa = PBXBuildFile; fileRef = 9287473425347DEF003517D2 /* LaunchScreen.storyboard */; };
		92F903BD2534834D002861CA /* VSColours.xcassets in Resources */ = {isa = PBXBuildFile; fileRef = 92F903BC2534834D002861CA /* VSColours.xcassets */; };
		92F903C325348866002861CA /* VS_API_Router.swift in Sources */ = {isa = PBXBuildFile; fileRef = 92F903C225348866002861CA /* VS_API_Router.swift */; };
		92F903C52534897A002861CA /* AppConfiguration.swift in Sources */ = {isa = PBXBuildFile; fileRef = 92F903C42534897A002861CA /* AppConfiguration.swift */; };
		92F903C725348B42002861CA /* VS_API_Client.swift in Sources */ = {isa = PBXBuildFile; fileRef = 92F903C625348B42002861CA /* VS_API_Client.swift */; };
		92F903CC25348E94002861CA /* MonthlyAppointmentSuccess.swift in Sources */ = {isa = PBXBuildFile; fileRef = 92F903CB25348E94002861CA /* MonthlyAppointmentSuccess.swift */; };
		92F903D125348EE6002861CA /* JSONAny.swift in Sources */ = {isa = PBXBuildFile; fileRef = 92F903D025348EE6002861CA /* JSONAny.swift */; };
		92F903D425348F66002861CA /* VS_CommonMethods.swift in Sources */ = {isa = PBXBuildFile; fileRef = 92F903D325348F66002861CA /* VS_CommonMethods.swift */; };
		92F903D625348FF4002861CA /* MonthlyAppointmentParameters.swift in Sources */ = {isa = PBXBuildFile; fileRef = 92F903D525348FF4002861CA /* MonthlyAppointmentParameters.swift */; };
		92F903D925349BE0002861CA /* BaseLineMontlyAppointmentTableViewCell.swift in Sources */ = {isa = PBXBuildFile; fileRef = 92F903D825349BE0002861CA /* BaseLineMontlyAppointmentTableViewCell.swift */; };
		92F903DC2534A705002861CA /* AppointmentMapViewController.swift in Sources */ = {isa = PBXBuildFile; fileRef = 92F903DB2534A705002861CA /* AppointmentMapViewController.swift */; };
		BFB7B558F3D6ED3D92C57BA2 /* Pods_VaradhiInterviewDemo.framework in Frameworks */ = {isa = PBXBuildFile; fileRef = BA19810BD1117B501F322006 /* Pods_VaradhiInterviewDemo.framework */; };
/* End PBXBuildFile section */

/* Begin PBXFileReference section */
		5C5C7D46CBBAFFF8B24481D3 /* Pods-VaradhiInterviewDemo.release.xcconfig */ = {isa = PBXFileReference; includeInIndex = 1; lastKnownFileType = text.xcconfig; name = "Pods-VaradhiInterviewDemo.release.xcconfig"; path = "Target Support Files/Pods-VaradhiInterviewDemo/Pods-VaradhiInterviewDemo.release.xcconfig"; sourceTree = "<group>"; };
		71D462B471A08BECA3572213 /* Pods-VaradhiInterviewDemo.debug.xcconfig */ = {isa = PBXFileReference; includeInIndex = 1; lastKnownFileType = text.xcconfig; name = "Pods-VaradhiInterviewDemo.debug.xcconfig"; path = "Target Support Files/Pods-VaradhiInterviewDemo/Pods-VaradhiInterviewDemo.debug.xcconfig"; sourceTree = "<group>"; };
		9287472625347DEE003517D2 /* VaradhiInterviewDemo.app */ = {isa = PBXFileReference; explicitFileType = wrapper.application; includeInIndex = 0; path = VaradhiInterviewDemo.app; sourceTree = BUILT_PRODUCTS_DIR; };
		9287472925347DEE003517D2 /* AppDelegate.swift */ = {isa = PBXFileReference; lastKnownFileType = sourcecode.swift; path = AppDelegate.swift; sourceTree = "<group>"; };
		9287472B25347DEE003517D2 /* SceneDelegate.swift */ = {isa = PBXFileReference; lastKnownFileType = sourcecode.swift; path = SceneDelegate.swift; sourceTree = "<group>"; };
		9287472D25347DEE003517D2 /* BaseLineViewController.swift */ = {isa = PBXFileReference; lastKnownFileType = sourcecode.swift; path = BaseLineViewController.swift; sourceTree = "<group>"; };
		9287473025347DEE003517D2 /* Base */ = {isa = PBXFileReference; lastKnownFileType = file.storyboard; name = Base; path = Base.lproj/Main.storyboard; sourceTree = "<group>"; };
		9287473225347DEF003517D2 /* Assets.xcassets */ = {isa = PBXFileReference; lastKnownFileType = folder.assetcatalog; path = Assets.xcassets; sourceTree = "<group>"; };
		9287473525347DEF003517D2 /* Base */ = {isa = PBXFileReference; lastKnownFileType = file.storyboard; name = Base; path = Base.lproj/LaunchScreen.storyboard; sourceTree = "<group>"; };
		9287473725347DEF003517D2 /* Info.plist */ = {isa = PBXFileReference; lastKnownFileType = text.plist.xml; path = Info.plist; sourceTree = "<group>"; };
		92F903BC2534834D002861CA /* VSColours.xcassets */ = {isa = PBXFileReference; lastKnownFileType = folder.assetcatalog; path = VSColours.xcassets; sourceTree = "<group>"; };
		92F903C225348866002861CA /* VS_API_Router.swift */ = {isa = PBXFileReference; lastKnownFileType = sourcecode.swift; path = VS_API_Router.swift; sourceTree = "<group>"; };
		92F903C42534897A002861CA /* AppConfiguration.swift */ = {isa = PBXFileReference; lastKnownFileType = sourcecode.swift; path = AppConfiguration.swift; sourceTree = "<group>"; };
		92F903C625348B42002861CA /* VS_API_Client.swift */ = {isa = PBXFileReference; lastKnownFileType = sourcecode.swift; path = VS_API_Client.swift; sourceTree = "<group>"; };
		92F903CB25348E94002861CA /* MonthlyAppointmentSuccess.swift */ = {isa = PBXFileReference; lastKnownFileType = sourcecode.swift; path = MonthlyAppointmentSuccess.swift; sourceTree = "<group>"; };
		92F903D025348EE6002861CA /* JSONAny.swift */ = {isa = PBXFileReference; lastKnownFileType = sourcecode.swift; path = JSONAny.swift; sourceTree = "<group>"; };
		92F903D325348F66002861CA /* VS_CommonMethods.swift */ = {isa = PBXFileReference; lastKnownFileType = sourcecode.swift; path = VS_CommonMethods.swift; sourceTree = "<group>"; };
		92F903D525348FF4002861CA /* MonthlyAppointmentParameters.swift */ = {isa = PBXFileReference; lastKnownFileType = sourcecode.swift; path = MonthlyAppointmentParameters.swift; sourceTree = "<group>"; };
		92F903D825349BE0002861CA /* BaseLineMontlyAppointmentTableViewCell.swift */ = {isa = PBXFileReference; lastKnownFileType = sourcecode.swift; path = BaseLineMontlyAppointmentTableViewCell.swift; sourceTree = "<group>"; };
		92F903DB2534A705002861CA /* AppointmentMapViewController.swift */ = {isa = PBXFileReference; lastKnownFileType = sourcecode.swift; path = AppointmentMapViewController.swift; sourceTree = "<group>"; };
		BA19810BD1117B501F322006 /* Pods_VaradhiInterviewDemo.framework */ = {isa = PBXFileReference; explicitFileType = wrapper.framework; includeInIndex = 0; path = Pods_VaradhiInterviewDemo.framework; sourceTree = BUILT_PRODUCTS_DIR; };
/* End PBXFileReference section */

/* Begin PBXFrameworksBuildPhase section */
		9287472325347DEE003517D2 /* Frameworks */ = {
			isa = PBXFrameworksBuildPhase;
			buildActionMask = 2147483647;
			files = (
				BFB7B558F3D6ED3D92C57BA2 /* Pods_VaradhiInterviewDemo.framework in Frameworks */,
			);
			runOnlyForDeploymentPostprocessing = 0;
		};
/* End PBXFrameworksBuildPhase section */

/* Begin PBXGroup section */
		7E9706B0A466C9245328F71B /* Pods */ = {
			isa = PBXGroup;
			children = (
				71D462B471A08BECA3572213 /* Pods-VaradhiInterviewDemo.debug.xcconfig */,
				5C5C7D46CBBAFFF8B24481D3 /* Pods-VaradhiInterviewDemo.release.xcconfig */,
			);
			path = Pods;
			sourceTree = "<group>";
		};
		87C1BBD5ADF3574AB6BFF828 /* Frameworks */ = {
			isa = PBXGroup;
			children = (
				BA19810BD1117B501F322006 /* Pods_VaradhiInterviewDemo.framework */,
			);
			name = Frameworks;
			sourceTree = "<group>";
		};
		9287471D25347DEE003517D2 = {
			isa = PBXGroup;
			children = (
				9287472825347DEE003517D2 /* VaradhiInterviewDemo */,
				9287472725347DEE003517D2 /* Products */,
				7E9706B0A466C9245328F71B /* Pods */,
				87C1BBD5ADF3574AB6BFF828 /* Frameworks */,
			);
			sourceTree = "<group>";
		};
		9287472725347DEE003517D2 /* Products */ = {
			isa = PBXGroup;
			children = (
				9287472625347DEE003517D2 /* VaradhiInterviewDemo.app */,
			);
			name = Products;
			sourceTree = "<group>";
		};
		9287472825347DEE003517D2 /* VaradhiInterviewDemo */ = {
			isa = PBXGroup;
			children = (
				92F4D57A2534804A00836987 /* Application */,
				9287473725347DEF003517D2 /* Info.plist */,
				9287473425347DEF003517D2 /* LaunchScreen.storyboard */,
				92F4D57E2534807E00836987 /* Networking */,
				92F4D57B2534805C00836987 /* Presenter */,
				92F903B125348166002861CA /* Utilities */,
			);
			path = VaradhiInterviewDemo;
			sourceTree = "<group>";
		};
		92F4D57A2534804A00836987 /* Application */ = {
			isa = PBXGroup;
			children = (
				9287472925347DEE003517D2 /* AppDelegate.swift */,
				9287472B25347DEE003517D2 /* SceneDelegate.swift */,
				92F903C42534897A002861CA /* AppConfiguration.swift */,
			);
			path = Application;
			sourceTree = "<group>";
		};
		92F4D57B2534805C00836987 /* Presenter */ = {
			isa = PBXGroup;
			children = (
				92F903DA2534A6E5002861CA /* MapView */,
				92F4D57C2534806300836987 /* BaseLine */,
			);
			path = Presenter;
			sourceTree = "<group>";
		};
		92F4D57C2534806300836987 /* BaseLine */ = {
			isa = PBXGroup;
			children = (
				92F903D725349B9C002861CA /* BaseLineTableViewCell */,
				9287472D25347DEE003517D2 /* BaseLineViewController.swift */,
				9287472F25347DEE003517D2 /* Main.storyboard */,
			);
			path = BaseLine;
			sourceTree = "<group>";
		};
		92F4D57D2534806E00836987 /* Asset */ = {
			isa = PBXGroup;
			children = (
				92F903B925348210002861CA /* Colours */,
				92F903B825348208002861CA /* Images */,
			);
			path = Asset;
			sourceTree = "<group>";
		};
		92F4D57E2534807E00836987 /* Networking */ = {
			isa = PBXGroup;
			children = (
				92F903CA25348E69002861CA /* NetworkHelper */,
				92F903C925348E5E002861CA /* ResponseModel */,
				92F903C825348E55002861CA /* RequestModel */,
			);
			path = Networking;
			sourceTree = "<group>";
		};
		92F903B125348166002861CA /* Utilities */ = {
			isa = PBXGroup;
			children = (
				92F903D225348F53002861CA /* CommonMethods */,
				92F4D57D2534806E00836987 /* Asset */,
			);
			path = Utilities;
			sourceTree = "<group>";
		};
		92F903B825348208002861CA /* Images */ = {
			isa = PBXGroup;
			children = (
				9287473225347DEF003517D2 /* Assets.xcassets */,
			);
			path = Images;
			sourceTree = "<group>";
		};
		92F903B925348210002861CA /* Colours */ = {
			isa = PBXGroup;
			children = (
				92F903BC2534834D002861CA /* VSColours.xcassets */,
			);
			path = Colours;
			sourceTree = "<group>";
		};
		92F903C825348E55002861CA /* RequestModel */ = {
			isa = PBXGroup;
			children = (
				92F903D025348EE6002861CA /* JSONAny.swift */,
				92F903D525348FF4002861CA /* MonthlyAppointmentParameters.swift */,
			);
			path = RequestModel;
			sourceTree = "<group>";
		};
		92F903C925348E5E002861CA /* ResponseModel */ = {
			isa = PBXGroup;
			children = (
				92F903CB25348E94002861CA /* MonthlyAppointmentSuccess.swift */,
			);
			path = ResponseModel;
			sourceTree = "<group>";
		};
		92F903CA25348E69002861CA /* NetworkHelper */ = {
			isa = PBXGroup;
			children = (
				92F903C225348866002861CA /* VS_API_Router.swift */,
				92F903C625348B42002861CA /* VS_API_Client.swift */,
			);
			path = NetworkHelper;
			sourceTree = "<group>";
		};
		92F903D225348F53002861CA /* CommonMethods */ = {
			isa = PBXGroup;
			children = (
				92F903D325348F66002861CA /* VS_CommonMethods.swift */,
			);
			path = CommonMethods;
			sourceTree = "<group>";
		};
		92F903D725349B9C002861CA /* BaseLineTableViewCell */ = {
			isa = PBXGroup;
			children = (
				92F903D825349BE0002861CA /* BaseLineMontlyAppointmentTableViewCell.swift */,
			);
			path = BaseLineTableViewCell;
			sourceTree = "<group>";
		};
		92F903DA2534A6E5002861CA /* MapView */ = {
			isa = PBXGroup;
			children = (
				92F903DB2534A705002861CA /* AppointmentMapViewController.swift */,
			);
			path = MapView;
			sourceTree = "<group>";
		};
/* End PBXGroup section */

/* Begin PBXNativeTarget section */
		9287472525347DEE003517D2 /* VaradhiInterviewDemo */ = {
			isa = PBXNativeTarget;
			buildConfigurationList = 9287473A25347DEF003517D2 /* Build configuration list for PBXNativeTarget "VaradhiInterviewDemo" */;
			buildPhases = (
				B54B04F06DFDE0435432D386 /* [CP] Check Pods Manifest.lock */,
				9287472225347DEE003517D2 /* Sources */,
				9287472325347DEE003517D2 /* Frameworks */,
				9287472425347DEE003517D2 /* Resources */,
				F0E1837B2936414D4B7FCCF3 /* [CP] Embed Pods Frameworks */,
			);
			buildRules = (
			);
			dependencies = (
			);
			name = VaradhiInterviewDemo;
			productName = VaradhiInterviewDemo;
			productReference = 9287472625347DEE003517D2 /* VaradhiInterviewDemo.app */;
			productType = "com.apple.product-type.application";
		};
/* End PBXNativeTarget section */

/* Begin PBXProject section */
		9287471E25347DEE003517D2 /* Project object */ = {
			isa = PBXProject;
			attributes = {
				LastSwiftUpdateCheck = 1160;
				LastUpgradeCheck = 1160;
				ORGANIZATIONNAME = Pratik;
				TargetAttributes = {
					9287472525347DEE003517D2 = {
						CreatedOnToolsVersion = 11.6;
					};
				};
			};
			buildConfigurationList = 9287472125347DEE003517D2 /* Build configuration list for PBXProject "VaradhiInterviewDemo" */;
			compatibilityVersion = "Xcode 9.3";
			developmentRegion = en;
			hasScannedForEncodings = 0;
			knownRegions = (
				en,
				Base,
			);
			mainGroup = 9287471D25347DEE003517D2;
			productRefGroup = 9287472725347DEE003517D2 /* Products */;
			projectDirPath = "";
			projectRoot = "";
			targets = (
				9287472525347DEE003517D2 /* VaradhiInterviewDemo */,
			);
		};
/* End PBXProject section */

/* Begin PBXResourcesBuildPhase section */
		9287472425347DEE003517D2 /* Resources */ = {
			isa = PBXResourcesBuildPhase;
			buildActionMask = 2147483647;
			files = (
				9287473625347DEF003517D2 /* LaunchScreen.storyboard in Resources */,
				9287473325347DEF003517D2 /* Assets.xcassets in Resources */,
				9287473125347DEE003517D2 /* Main.storyboard in Resources */,
				92F903BD2534834D002861CA /* VSColours.xcassets in Resources */,
			);
			runOnlyForDeploymentPostprocessing = 0;
		};
/* End PBXResourcesBuildPhase section */

/* Begin PBXShellScriptBuildPhase section */
		B54B04F06DFDE0435432D386 /* [CP] Check Pods Manifest.lock */ = {
			isa = PBXShellScriptBuildPhase;
			buildActionMask = 2147483647;
			files = (
			);
			inputFileListPaths = (
			);
			inputPaths = (
				"${PODS_PODFILE_DIR_PATH}/Podfile.lock",
				"${PODS_ROOT}/Manifest.lock",
			);
			name = "[CP] Check Pods Manifest.lock";
			outputFileListPaths = (
			);
			outputPaths = (
				"$(DERIVED_FILE_DIR)/Pods-VaradhiInterviewDemo-checkManifestLockResult.txt",
			);
			runOnlyForDeploymentPostprocessing = 0;
			shellPath = /bin/sh;
			shellScript = "diff \"${PODS_PODFILE_DIR_PATH}/Podfile.lock\" \"${PODS_ROOT}/Manifest.lock\" > /dev/null\nif [ $? != 0 ] ; then\n    # print error to STDERR\n    echo \"error: The sandbox is not in sync with the Podfile.lock. Run 'pod install' or update your CocoaPods installation.\" >&2\n    exit 1\nfi\n# This output is used by Xcode 'outputs' to avoid re-running this script phase.\necho \"SUCCESS\" > \"${SCRIPT_OUTPUT_FILE_0}\"\n";
			showEnvVarsInLog = 0;
		};
		F0E1837B2936414D4B7FCCF3 /* [CP] Embed Pods Frameworks */ = {
			isa = PBXShellScriptBuildPhase;
			buildActionMask = 2147483647;
			files = (
			);
			inputFileListPaths = (
				"${PODS_ROOT}/Target Support Files/Pods-VaradhiInterviewDemo/Pods-VaradhiInterviewDemo-frameworks-${CONFIGURATION}-input-files.xcfilelist",
			);
			name = "[CP] Embed Pods Frameworks";
			outputFileListPaths = (
				"${PODS_ROOT}/Target Support Files/Pods-VaradhiInterviewDemo/Pods-VaradhiInterviewDemo-frameworks-${CONFIGURATION}-output-files.xcfilelist",
			);
			runOnlyForDeploymentPostprocessing = 0;
			shellPath = /bin/sh;
			shellScript = "\"${PODS_ROOT}/Target Support Files/Pods-VaradhiInterviewDemo/Pods-VaradhiInterviewDemo-frameworks.sh\"\n";
			showEnvVarsInLog = 0;
		};
/* End PBXShellScriptBuildPhase section */

/* Begin PBXSourcesBuildPhase section */
		9287472225347DEE003517D2 /* Sources */ = {
			isa = PBXSourcesBuildPhase;
			buildActionMask = 2147483647;
			files = (
				92F903D125348EE6002861CA /* JSONAny.swift in Sources */,
				92F903DC2534A705002861CA /* AppointmentMapViewController.swift in Sources */,
				92F903C52534897A002861CA /* AppConfiguration.swift in Sources */,
				92F903CC25348E94002861CA /* MonthlyAppointmentSuccess.swift in Sources */,
				9287472E25347DEE003517D2 /* BaseLineViewController.swift in Sources */,
				92F903D425348F66002861CA /* VS_CommonMethods.swift in Sources */,
				92F903C725348B42002861CA /* VS_API_Client.swift in Sources */,
				92F903D925349BE0002861CA /* BaseLineMontlyAppointmentTableViewCell.swift in Sources */,
				9287472A25347DEE003517D2 /* AppDelegate.swift in Sources */,
				92F903C325348866002861CA /* VS_API_Router.swift in Sources */,
				92F903D625348FF4002861CA /* MonthlyAppointmentParameters.swift in Sources */,
				9287472C25347DEE003517D2 /* SceneDelegate.swift in Sources */,
			);
			runOnlyForDeploymentPostprocessing = 0;
		};
/* End PBXSourcesBuildPhase section */

/* Begin PBXVariantGroup section */
		9287472F25347DEE003517D2 /* Main.storyboard */ = {
			isa = PBXVariantGroup;
			children = (
				9287473025347DEE003517D2 /* Base */,
			);
			name = Main.storyboard;
			sourceTree = "<group>";
		};
		9287473425347DEF003517D2 /* LaunchScreen.storyboard */ = {
			isa = PBXVariantGroup;
			children = (
				9287473525347DEF003517D2 /* Base */,
			);
			name = LaunchScreen.storyboard;
			sourceTree = "<group>";
		};
/* End PBXVariantGroup section */

/* Begin XCBuildConfiguration section */
		9287473825347DEF003517D2 /* Debug */ = {
			isa = XCBuildConfiguration;
			buildSettings = {
				ALWAYS_SEARCH_USER_PATHS = NO;
				CLANG_ANALYZER_NONNULL = YES;
				CLANG_ANALYZER_NUMBER_OBJECT_CONVERSION = YES_AGGRESSIVE;
				CLANG_CXX_LANGUAGE_STANDARD = "gnu++14";
				CLANG_CXX_LIBRARY = "libc++";
				CLANG_ENABLE_MODULES = YES;
				CLANG_ENABLE_OBJC_ARC = YES;
				CLANG_ENABLE_OBJC_WEAK = YES;
				CLANG_WARN_BLOCK_CAPTURE_AUTORELEASING = YES;
				CLANG_WARN_BOOL_CONVERSION = YES;
				CLANG_WARN_COMMA = YES;
				CLANG_WARN_CONSTANT_CONVERSION = YES;
				CLANG_WARN_DEPRECATED_OBJC_IMPLEMENTATIONS = YES;
				CLANG_WARN_DIRECT_OBJC_ISA_USAGE = YES_ERROR;
				CLANG_WARN_DOCUMENTATION_COMMENTS = YES;
				CLANG_WARN_EMPTY_BODY = YES;
				CLANG_WARN_ENUM_CONVERSION = YES;
				CLANG_WARN_INFINITE_RECURSION = YES;
				CLANG_WARN_INT_CONVERSION = YES;
				CLANG_WARN_NON_LITERAL_NULL_CONVERSION = YES;
				CLANG_WARN_OBJC_IMPLICIT_RETAIN_SELF = YES;
				CLANG_WARN_OBJC_LITERAL_CONVERSION = YES;
				CLANG_WARN_OBJC_ROOT_CLASS = YES_ERROR;
				CLANG_WARN_RANGE_LOOP_ANALYSIS = YES;
				CLANG_WARN_STRICT_PROTOTYPES = YES;
				CLANG_WARN_SUSPICIOUS_MOVE = YES;
				CLANG_WARN_UNGUARDED_AVAILABILITY = YES_AGGRESSIVE;
				CLANG_WARN_UNREACHABLE_CODE = YES;
				CLANG_WARN__DUPLICATE_METHOD_MATCH = YES;
				COPY_PHASE_STRIP = NO;
				DEBUG_INFORMATION_FORMAT = dwarf;
				ENABLE_STRICT_OBJC_MSGSEND = YES;
				ENABLE_TESTABILITY = YES;
				GCC_C_LANGUAGE_STANDARD = gnu11;
				GCC_DYNAMIC_NO_PIC = NO;
				GCC_NO_COMMON_BLOCKS = YES;
				GCC_OPTIMIZATION_LEVEL = 0;
				GCC_PREPROCESSOR_DEFINITIONS = (
					"DEBUG=1",
					"$(inherited)",
				);
				GCC_WARN_64_TO_32_BIT_CONVERSION = YES;
				GCC_WARN_ABOUT_RETURN_TYPE = YES_ERROR;
				GCC_WARN_UNDECLARED_SELECTOR = YES;
				GCC_WARN_UNINITIALIZED_AUTOS = YES_AGGRESSIVE;
				GCC_WARN_UNUSED_FUNCTION = YES;
				GCC_WARN_UNUSED_VARIABLE = YES;
				IPHONEOS_DEPLOYMENT_TARGET = 13.6;
				MTL_ENABLE_DEBUG_INFO = INCLUDE_SOURCE;
				MTL_FAST_MATH = YES;
				ONLY_ACTIVE_ARCH = YES;
				SDKROOT = iphoneos;
				SWIFT_ACTIVE_COMPILATION_CONDITIONS = DEBUG;
				SWIFT_OPTIMIZATION_LEVEL = "-Onone";
			};
			name = Debug;
		};
		9287473925347DEF003517D2 /* Release */ = {
			isa = XCBuildConfiguration;
			buildSettings = {
				ALWAYS_SEARCH_USER_PATHS = NO;
				CLANG_ANALYZER_NONNULL = YES;
				CLANG_ANALYZER_NUMBER_OBJECT_CONVERSION = YES_AGGRESSIVE;
				CLANG_CXX_LANGUAGE_STANDARD = "gnu++14";
				CLANG_CXX_LIBRARY = "libc++";
				CLANG_ENABLE_MODULES = YES;
				CLANG_ENABLE_OBJC_ARC = YES;
				CLANG_ENABLE_OBJC_WEAK = YES;
				CLANG_WARN_BLOCK_CAPTURE_AUTORELEASING = YES;
				CLANG_WARN_BOOL_CONVERSION = YES;
				CLANG_WARN_COMMA = YES;
				CLANG_WARN_CONSTANT_CONVERSION = YES;
				CLANG_WARN_DEPRECATED_OBJC_IMPLEMENTATIONS = YES;
				CLANG_WARN_DIRECT_OBJC_ISA_USAGE = YES_ERROR;
				CLANG_WARN_DOCUMENTATION_COMMENTS = YES;
				CLANG_WARN_EMPTY_BODY = YES;
				CLANG_WARN_ENUM_CONVERSION = YES;
				CLANG_WARN_INFINITE_RECURSION = YES;
				CLANG_WARN_INT_CONVERSION = YES;
				CLANG_WARN_NON_LITERAL_NULL_CONVERSION = YES;
				CLANG_WARN_OBJC_IMPLICIT_RETAIN_SELF = YES;
				CLANG_WARN_OBJC_LITERAL_CONVERSION = YES;
				CLANG_WARN_OBJC_ROOT_CLASS = YES_ERROR;
				CLANG_WARN_RANGE_LOOP_ANALYSIS = YES;
				CLANG_WARN_STRICT_PROTOTYPES = YES;
				CLANG_WARN_SUSPICIOUS_MOVE = YES;
				CLANG_WARN_UNGUARDED_AVAILABILITY = YES_AGGRESSIVE;
				CLANG_WARN_UNREACHABLE_CODE = YES;
				CLANG_WARN__DUPLICATE_METHOD_MATCH = YES;
				COPY_PHASE_STRIP = NO;
				DEBUG_INFORMATION_FORMAT = "dwarf-with-dsym";
				ENABLE_NS_ASSERTIONS = NO;
				ENABLE_STRICT_OBJC_MSGSEND = YES;
				GCC_C_LANGUAGE_STANDARD = gnu11;
				GCC_NO_COMMON_BLOCKS = YES;
				GCC_WARN_64_TO_32_BIT_CONVERSION = YES;
				GCC_WARN_ABOUT_RETURN_TYPE = YES_ERROR;
				GCC_WARN_UNDECLARED_SELECTOR = YES;
				GCC_WARN_UNINITIALIZED_AUTOS = YES_AGGRESSIVE;
				GCC_WARN_UNUSED_FUNCTION = YES;
				GCC_WARN_UNUSED_VARIABLE = YES;
				IPHONEOS_DEPLOYMENT_TARGET = 13.6;
				MTL_ENABLE_DEBUG_INFO = NO;
				MTL_FAST_MATH = YES;
				SDKROOT = iphoneos;
				SWIFT_COMPILATION_MODE = wholemodule;
				SWIFT_OPTIMIZATION_LEVEL = "-O";
				VALIDATE_PRODUCT = YES;
			};
			name = Release;
		};
		9287473B25347DEF003517D2 /* Debug */ = {
			isa = XCBuildConfiguration;
			baseConfigurationReference = 71D462B471A08BECA3572213 /* Pods-VaradhiInterviewDemo.debug.xcconfig */;
			buildSettings = {
				API_BASE_URL = "http://13.127.95.246:7000/";
				ASSETCATALOG_COMPILER_APPICON_NAME = AppIcon;
				CODE_SIGN_STYLE = Automatic;
				DEVELOPMENT_TEAM = 38T5D5NXG2;
				IMG_BASE_URL = "http://13.127.95.246:7000/media/";
				INFOPLIST_FILE = VaradhiInterviewDemo/Info.plist;
				IPHONEOS_DEPLOYMENT_TARGET = 13.3;
				LD_RUNPATH_SEARCH_PATHS = (
					"$(inherited)",
					"@executable_path/Frameworks",
				);
				PRODUCT_BUNDLE_IDENTIFIER = Pratik.VaradhiInterviewDemo;
				PRODUCT_NAME = "$(TARGET_NAME)";
				SWIFT_VERSION = 5.0;
				TARGETED_DEVICE_FAMILY = 1;
			};
			name = Debug;
		};
		9287473C25347DEF003517D2 /* Release */ = {
			isa = XCBuildConfiguration;
			baseConfigurationReference = 5C5C7D46CBBAFFF8B24481D3 /* Pods-VaradhiInterviewDemo.release.xcconfig */;
			buildSettings = {
				API_BASE_URL = "http://13.127.95.246:7000/";
				ASSETCATALOG_COMPILER_APPICON_NAME = AppIcon;
				CODE_SIGN_STYLE = Automatic;
				DEVELOPMENT_TEAM = 38T5D5NXG2;
				IMG_BASE_URL = "http://13.127.95.246:7000/media/";
				INFOPLIST_FILE = VaradhiInterviewDemo/Info.plist;
				IPHONEOS_DEPLOYMENT_TARGET = 13.3;
				LD_RUNPATH_SEARCH_PATHS = (
					"$(inherited)",
					"@executable_path/Frameworks",
				);
				PRODUCT_BUNDLE_IDENTIFIER = Pratik.VaradhiInterviewDemo;
				PRODUCT_NAME = "$(TARGET_NAME)";
				SWIFT_VERSION = 5.0;
				TARGETED_DEVICE_FAMILY = 1;
			};
			name = Release;
		};
/* End XCBuildConfiguration section */

/* Begin XCConfigurationList section */
		9287472125347DEE003517D2 /* Build configuration list for PBXProject "VaradhiInterviewDemo" */ = {
			isa = XCConfigurationList;
			buildConfigurations = (
				9287473825347DEF003517D2 /* Debug */,
				9287473925347DEF003517D2 /* Release */,
			);
			defaultConfigurationIsVisible = 0;
			defaultConfigurationName = Release;
		};
		9287473A25347DEF003517D2 /* Build configuration list for PBXNativeTarget "VaradhiInterviewDemo" */ = {
			isa = XCConfigurationList;
			buildConfigurations = (
				9287473B25347DEF003517D2 /* Debug */,
				9287473C25347DEF003517D2 /* Release */,
			);
			defaultConfigurationIsVisible = 0;
			defaultConfigurationName = Release;
		};
/* End XCConfigurationList section */
	};
	rootObject = 9287471E25347DEE003517D2 /* Project object */;
}
